# This file is automatically @generated by Cargo.
# It is not intended for manual editing.
version = 4

[[package]]
name = "airwolf"
version = "0.1.0"
dependencies = [
 "rico8",
]

[[package]]
name = "rico8"
version = "0.1.0"
source = "git+https://github.com/zeenix/rico8?rev=98a4a3d5#98a4a3d5faa785f4a6149c930b277cce7239110e"
